
Microsoft Visual Studio Solution File, Format Version 12.00
# Visual Studio 2013
VisualStudioVersion = 12.0.30501.0
MinimumVisualStudioVersion = 10.0.40219.1
Project("{8BC9CEB8-8B4A-11D0-8D11-00A0C91BC942}") = "MurrayEngine", "MurrayEngine\MurrayEngine.vcxproj", "{0B410340-103B-4353-AE08-68F0C922FE2D}"
EndProject
Project("{8BC9CEB8-8B4A-11D0-8D11-00A0C91BC942}") = "SDLTest", "SDLTest\SDLTest.vcxproj", "{9C4675BF-38F9-453F-9748-103CC582C0C8}"
EndProject
Global
	GlobalSection(SubversionScc) = preSolution
		Svn-Managed = True
		Manager = AnkhSVN - Subversion Support for Visual Studio
	EndGlobalSection
	GlobalSection(SolutionConfigurationPlatforms) = preSolution
		Debug|Win32 = Debug|Win32
		Release|Win32 = Release|Win32
	EndGlobalSection
	GlobalSection(ProjectConfigurationPlatforms) = postSolution
		{0B410340-103B-4353-AE08-68F0C922FE2D}.Debug|Win32.ActiveCfg = Debug|Win32
		{0B410340-103B-4353-AE08-68F0C922FE2D}.Debug|Win32.Build.0 = Debug|Win32
		{0B410340-103B-4353-AE08-68F0C922FE2D}.Release|Win32.ActiveCfg = Release|Win32
		{0B410340-103B-4353-AE08-68F0C922FE2D}.Release|Win32.Build.0 = Release|Win32
		{9C4675BF-38F9-453F-9748-103CC582C0C8}.Debug|Win32.ActiveCfg = Debug|Win32
		{9C4675BF-38F9-453F-9748-103CC582C0C8}.Debug|Win32.Build.0 = Debug|Win32
		{9C4675BF-38F9-453F-9748-103CC582C0C8}.Release|Win32.ActiveCfg = Release|Win32
		{9C4675BF-38F9-453F-9748-103CC582C0C8}.Release|Win32.Build.0 = Release|Win32
	EndGlobalSection
	GlobalSection(SolutionProperties) = preSolution
		HideSolutionNode = FALSE
	EndGlobalSection
EndGlobal
