<?xml version="1.0" encoding="utf-8"?>
<Project ToolsVersion="4.0" xmlns="http://schemas.microsoft.com/developer/msbuild/2003">
  <ItemGroup>
    <Filter Include="Source Files">
      <UniqueIdentifier>{4FC737F1-C7A5-4376-A066-2A32D752A2FF}</UniqueIdentifier>
      <Extensions>cpp;c;cc;cxx;def;odl;idl;hpj;bat;asm;asmx</Extensions>
    </Filter>
    <Filter Include="Header Files">
      <UniqueIdentifier>{93995380-89BD-4b04-88EB-625FBE52EBFB}</UniqueIdentifier>
      <Extensions>h;hh;hpp;hxx;hm;inl;inc;xsd</Extensions>
    </Filter>
    <Filter Include="Resource Files">
      <UniqueIdentifier>{67DA6AB6-F800-4c08-8B7A-83BB121AAD01}</UniqueIdentifier>
      <Extensions>rc;ico;cur;bmp;dlg;rc2;rct;bin;rgs;gif;jpg;jpeg;jpe;resx;tiff;tif;png;wav;mfcribbon-ms</Extensions>
    </Filter>
  </ItemGroup>
  <ItemGroup>
    <ClCompile Include="MainProgram.cpp">
      <Filter>Source Files</Filter>
    </ClCompile>
    <ClCompile Include="ObjectFactory.cpp">
      <Filter>Source Files</Filter>
    </ClCompile>
  </ItemGroup>
  <ItemGroup>
    <None Include="main.cfg">
      <Filter>Resource Files</Filter>
    </None>
    <None Include="map.cfg">
      <Filter>Resource Files</Filter>
    </None>
    <None Include="spritesheet.cfg">
      <Filter>Resource Files</Filter>
    </None>
    <None Include="tileset.cfg">
      <Filter>Resource Files</Filter>
    </None>
    <None Include="WitchSpritesheet.cfg">
      <Filter>Resource Files</Filter>
    </None>
    <None Include="keys.cfg">
      <Filter>Resource Files</Filter>
    </None>
    <None Include="gamemap.cfg">
      <Filter>Resource Files</Filter>
    </None>
    <None Include="wallmap.cfg">
      <Filter>Resource Files</Filter>
    </None>
    <None Include="HeroSpriteSheet.cfg">
      <Filter>Resource Files</Filter>
    </None>
    <None Include="ProjectilesSpriteSheet.cfg">
      <Filter>Resource Files</Filter>
    </None>
    <None Include="ReinBearSpriteSheet.cfg">
      <Filter>Resource Files</Filter>
    </None>
    <None Include="EpicSpriteSheet.cfg">
      <Filter>Resource Files</Filter>
    </None>
    <None Include="ProjectileSheet.cfg">
      <Filter>Resource Files</Filter>
    </None>
    <None Include="SmallMap.cfg">
      <Filter>Resource Files</Filter>
    </None>
    <None Include="HeroAnimation.cfg">
      <Filter>Resource Files</Filter>
    </None>
    <None Include="Player.cfg">
      <Filter>Resource Files</Filter>
    </None>
    <None Include="Enemy.cfg">
      <Filter>Resource Files</Filter>
    </None>
    <None Include="BossAnimation.cfg">
      <Filter>Resource Files</Filter>
    </None>
    <None Include="Boss.cfg">
      <Filter>Resource Files</Filter>
    </None>
    <None Include="EnemyAnimation">
      <Filter>Resource Files</Filter>
    </None>
  </ItemGroup>
  <ItemGroup>
    <Image Include="spritesheet.bmp">
      <Filter>Resource Files</Filter>
    </Image>
    <Image Include="spritesheet.png">
      <Filter>Resource Files</Filter>
    </Image>
    <Image Include="tileset.png">
      <Filter>Resource Files</Filter>
    </Image>
    <Image Include="WitchSpritesheet.png">
      <Filter>Resource Files</Filter>
    </Image>
    <Image Include="HeroSpriteSheet.png">
      <Filter>Resource Files</Filter>
    </Image>
    <Image Include="ProjectilesSpriteSheet.png">
      <Filter>Resource Files</Filter>
    </Image>
    <Image Include="ReinBearSpriteSheet.png">
      <Filter>Resource Files</Filter>
    </Image>
    <Image Include="EpicSpriteSheet.png">
      <Filter>Resource Files</Filter>
    </Image>
    <Image Include="ProjectileSheet.png">
      <Filter>Resource Files</Filter>
    </Image>
    <Image Include="HeartSheet.png">
      <Filter>Resource Files</Filter>
    </Image>
  </ItemGroup>
  <ItemGroup>
    <Font Include="8bitOperatorPlus8-Bold.ttf">
      <Filter>Resource Files</Filter>
    </Font>
    <Font Include="8bitOperatorPlusSC-Bold.ttf">
      <Filter>Resource Files</Filter>
    </Font>
  </ItemGroup>
  <ItemGroup>
    <ClInclude Include="ObjectFactory.h">
      <Filter>Header Files</Filter>
    </ClInclude>
  </ItemGroup>
</Project>